// !$*UTF8*$!
{
	archiveVersion = 1;
	classes = {
	};
	objectVersion = 50;
	objects = {

/* Begin PBXBuildFile section */
		8F2C71402343A84E00A6CB48 /* AppDelegate.swift in Sources */ = {isa = PBXBuildFile; fileRef = 8F2C713F2343A84E00A6CB48 /* AppDelegate.swift */; };
		8F2C71422343A84E00A6CB48 /* ViewController.swift in Sources */ = {isa = PBXBuildFile; fileRef = 8F2C71412343A84E00A6CB48 /* ViewController.swift */; };
		8F2C71452343A84E00A6CB48 /* Main.storyboard in Resources */ = {isa = PBXBuildFile; fileRef = 8F2C71432343A84E00A6CB48 /* Main.storyboard */; };
		8F2C71472343A84F00A6CB48 /* Assets.xcassets in Resources */ = {isa = PBXBuildFile; fileRef = 8F2C71462343A84F00A6CB48 /* Assets.xcassets */; };
		8F2C714A2343A84F00A6CB48 /* LaunchScreen.storyboard in Resources */ = {isa = PBXBuildFile; fileRef = 8F2C71482343A84F00A6CB48 /* LaunchScreen.storyboard */; };
		8F2C71522343B3D200A6CB48 /* Album.swift in Sources */ = {isa = PBXBuildFile; fileRef = 8F2C71512343B3D200A6CB48 /* Album.swift */; };
		8F48C34A234514D00057E19B /* UIImageExtension.swift in Sources */ = {isa = PBXBuildFile; fileRef = 8F48C349234514D00057E19B /* UIImageExtension.swift */; };
		8F48C34C23453E9C0057E19B /* SpinnerViewController.swift in Sources */ = {isa = PBXBuildFile; fileRef = 8F48C34B23453E9C0057E19B /* SpinnerViewController.swift */; };
		8F48C35023454DE70057E19B /* AlbumRequest.swift in Sources */ = {isa = PBXBuildFile; fileRef = 8F48C34F23454DE70057E19B /* AlbumRequest.swift */; };
/* End PBXBuildFile section */

/* Begin PBXFileReference section */
		8F2C713C2343A84E00A6CB48 /* stant-album.app */ = {isa = PBXFileReference; explicitFileType = wrapper.application; includeInIndex = 0; path = "stant-album.app"; sourceTree = BUILT_PRODUCTS_DIR; };
		8F2C713F2343A84E00A6CB48 /* AppDelegate.swift */ = {isa = PBXFileReference; lastKnownFileType = sourcecode.swift; path = AppDelegate.swift; sourceTree = "<group>"; };
		8F2C71412343A84E00A6CB48 /* ViewController.swift */ = {isa = PBXFileReference; lastKnownFileType = sourcecode.swift; path = ViewController.swift; sourceTree = "<group>"; };
		8F2C71442343A84E00A6CB48 /* Base */ = {isa = PBXFileReference; lastKnownFileType = file.storyboard; name = Base; path = Base.lproj/Main.storyboard; sourceTree = "<group>"; };
		8F2C71462343A84F00A6CB48 /* Assets.xcassets */ = {isa = PBXFileReference; lastKnownFileType = folder.assetcatalog; path = Assets.xcassets; sourceTree = "<group>"; };
		8F2C71492343A84F00A6CB48 /* Base */ = {isa = PBXFileReference; lastKnownFileType = file.storyboard; name = Base; path = Base.lproj/LaunchScreen.storyboard; sourceTree = "<group>"; };
		8F2C714B2343A84F00A6CB48 /* Info.plist */ = {isa = PBXFileReference; lastKnownFileType = text.plist.xml; path = Info.plist; sourceTree = "<group>"; };
		8F2C71512343B3D200A6CB48 /* Album.swift */ = {isa = PBXFileReference; lastKnownFileType = sourcecode.swift; path = Album.swift; sourceTree = "<group>"; };
		8F48C349234514D00057E19B /* UIImageExtension.swift */ = {isa = PBXFileReference; lastKnownFileType = sourcecode.swift; path = UIImageExtension.swift; sourceTree = "<group>"; };
		8F48C34B23453E9C0057E19B /* SpinnerViewController.swift */ = {isa = PBXFileReference; lastKnownFileType = sourcecode.swift; path = SpinnerViewController.swift; sourceTree = "<group>"; };
		8F48C34F23454DE70057E19B /* AlbumRequest.swift */ = {isa = PBXFileReference; lastKnownFileType = sourcecode.swift; path = AlbumRequest.swift; sourceTree = "<group>"; };
/* End PBXFileReference section */

/* Begin PBXFrameworksBuildPhase section */
		8F2C71392343A84E00A6CB48 /* Frameworks */ = {
			isa = PBXFrameworksBuildPhase;
			buildActionMask = 2147483647;
			files = (
			);
			runOnlyForDeploymentPostprocessing = 0;
		};
/* End PBXFrameworksBuildPhase section */

/* Begin PBXGroup section */
		8F2C71332343A84E00A6CB48 = {
			isa = PBXGroup;
			children = (
				8F2C713E2343A84E00A6CB48 /* stant-album */,
				8F2C713D2343A84E00A6CB48 /* Products */,
			);
			sourceTree = "<group>";
		};
		8F2C713D2343A84E00A6CB48 /* Products */ = {
			isa = PBXGroup;
			children = (
				8F2C713C2343A84E00A6CB48 /* stant-album.app */,
			);
			name = Products;
			sourceTree = "<group>";
		};
		8F2C713E2343A84E00A6CB48 /* stant-album */ = {
			isa = PBXGroup;
			children = (
				8F48C349234514D00057E19B /* UIImageExtension.swift */,
				8F2C714B2343A84F00A6CB48 /* Info.plist */,
				8F2C71512343B3D200A6CB48 /* Album.swift */,
				8F2C713F2343A84E00A6CB48 /* AppDelegate.swift */,
				8F48C34F23454DE70057E19B /* AlbumRequest.swift */,
				8F48C34B23453E9C0057E19B /* SpinnerViewController.swift */,
				8F2C71412343A84E00A6CB48 /* ViewController.swift */,
				8F2C71432343A84E00A6CB48 /* Main.storyboard */,
				8F2C71462343A84F00A6CB48 /* Assets.xcassets */,
				8F2C71482343A84F00A6CB48 /* LaunchScreen.storyboard */,
				8F2C71432343A84E00A6CB48 /* Main.storyboard */,
			);
			path = "stant-album";
			sourceTree = "<group>";
		};
/* End PBXGroup section */

/* Begin PBXNativeTarget section */
		8F2C713B2343A84E00A6CB48 /* stant-album */ = {
			isa = PBXNativeTarget;
			buildConfigurationList = 8F2C714E2343A84F00A6CB48 /* Build configuration list for PBXNativeTarget "stant-album" */;
			buildPhases = (
				8F2C71382343A84E00A6CB48 /* Sources */,
				8F2C71392343A84E00A6CB48 /* Frameworks */,
				8F2C713A2343A84E00A6CB48 /* Resources */,
			);
			buildRules = (
			);
			dependencies = (
			);
			name = "stant-album";
			productName = "stant-album";
			productReference = 8F2C713C2343A84E00A6CB48 /* stant-album.app */;
			productType = "com.apple.product-type.application";
		};
/* End PBXNativeTarget section */

/* Begin PBXProject section */
		8F2C71342343A84E00A6CB48 /* Project object */ = {
			isa = PBXProject;
			attributes = {
				LastSwiftUpdateCheck = 1020;
				LastUpgradeCheck = 1020;
				ORGANIZATIONNAME = Stant;
				TargetAttributes = {
					8F2C713B2343A84E00A6CB48 = {
						CreatedOnToolsVersion = 10.2.1;
					};
				};
			};
			buildConfigurationList = 8F2C71372343A84E00A6CB48 /* Build configuration list for PBXProject "stant-album" */;
			compatibilityVersion = "Xcode 9.3";
			developmentRegion = en;
			hasScannedForEncodings = 0;
			knownRegions = (
				en,
				Base,
			);
			mainGroup = 8F2C71332343A84E00A6CB48;
			productRefGroup = 8F2C713D2343A84E00A6CB48 /* Products */;
			projectDirPath = "";
			projectRoot = "";
			targets = (
				8F2C713B2343A84E00A6CB48 /* stant-album */,
			);
		};
/* End PBXProject section */

/* Begin PBXResourcesBuildPhase section */
		8F2C713A2343A84E00A6CB48 /* Resources */ = {
			isa = PBXResourcesBuildPhase;
			buildActionMask = 2147483647;
			files = (
				8F2C714A2343A84F00A6CB48 /* LaunchScreen.storyboard in Resources */,
				8F2C71472343A84F00A6CB48 /* Assets.xcassets in Resources */,
				8F2C71452343A84E00A6CB48 /* Main.storyboard in Resources */,
			);
			runOnlyForDeploymentPostprocessing = 0;
		};
/* End PBXResourcesBuildPhase section */

/* Begin PBXSourcesBuildPhase section */
		8F2C71382343A84E00A6CB48 /* Sources */ = {
			isa = PBXSourcesBuildPhase;
			buildActionMask = 2147483647;
			files = (
				8F48C34A234514D00057E19B /* UIImageExtension.swift in Sources */,
				8F2C71422343A84E00A6CB48 /* ViewController.swift in Sources */,
				8F2C71402343A84E00A6CB48 /* AppDelegate.swift in Sources */,
				8F2C71522343B3D200A6CB48 /* Album.swift in Sources */,
				8F48C35023454DE70057E19B /* AlbumRequest.swift in Sources */,
				8F48C34C23453E9C0057E19B /* SpinnerViewController.swift in Sources */,
			);
			runOnlyForDeploymentPostprocessing = 0;
		};
/* End PBXSourcesBuildPhase section */

/* Begin PBXVariantGroup section */
		8F2C71432343A84E00A6CB48 /* Main.storyboard */ = {
			isa = PBXVariantGroup;
			children = (
				8F2C71442343A84E00A6CB48 /* Base */,
			);
			name = Main.storyboard;
			sourceTree = "<group>";
		};
		8F2C71482343A84F00A6CB48 /* LaunchScreen.storyboard */ = {
			isa = PBXVariantGroup;
			children = (
				8F2C71492343A84F00A6CB48 /* Base */,
			);
			name = LaunchScreen.storyboard;
			sourceTree = "<group>";
		};
/* End PBXVariantGroup section */

/* Begin XCBuildConfiguration section */
		8F2C714C2343A84F00A6CB48 /* Debug */ = {
			isa = XCBuildConfiguration;
			buildSettings = {
				ALWAYS_SEARCH_USER_PATHS = NO;
				CLANG_ANALYZER_NONNULL = YES;
				CLANG_ANALYZER_NUMBER_OBJECT_CONVERSION = YES_AGGRESSIVE;
				CLANG_CXX_LANGUAGE_STANDARD = "gnu++14";
				CLANG_CXX_LIBRARY = "libc++";
				CLANG_ENABLE_MODULES = YES;
				CLANG_ENABLE_OBJC_ARC = YES;
				CLANG_ENABLE_OBJC_WEAK = YES;
				CLANG_WARN_BLOCK_CAPTURE_AUTORELEASING = YES;
				CLANG_WARN_BOOL_CONVERSION = YES;
				CLANG_WARN_COMMA = YES;
				CLANG_WARN_CONSTANT_CONVERSION = YES;
				CLANG_WARN_DEPRECATED_OBJC_IMPLEMENTATIONS = YES;
				CLANG_WARN_DIRECT_OBJC_ISA_USAGE = YES_ERROR;
				CLANG_WARN_DOCUMENTATION_COMMENTS = YES;
				CLANG_WARN_EMPTY_BODY = YES;
				CLANG_WARN_ENUM_CONVERSION = YES;
				CLANG_WARN_INFINITE_RECURSION = YES;
				CLANG_WARN_INT_CONVERSION = YES;
				CLANG_WARN_NON_LITERAL_NULL_CONVERSION = YES;
				CLANG_WARN_OBJC_IMPLICIT_RETAIN_SELF = YES;
				CLANG_WARN_OBJC_LITERAL_CONVERSION = YES;
				CLANG_WARN_OBJC_ROOT_CLASS = YES_ERROR;
				CLANG_WARN_RANGE_LOOP_ANALYSIS = YES;
				CLANG_WARN_STRICT_PROTOTYPES = YES;
				CLANG_WARN_SUSPICIOUS_MOVE = YES;
				CLANG_WARN_UNGUARDED_AVAILABILITY = YES_AGGRESSIVE;
				CLANG_WARN_UNREACHABLE_CODE = YES;
				CLANG_WARN__DUPLICATE_METHOD_MATCH = YES;
				CODE_SIGN_IDENTITY = "iPhone Developer";
				COPY_PHASE_STRIP = NO;
				DEBUG_INFORMATION_FORMAT = dwarf;
				ENABLE_STRICT_OBJC_MSGSEND = YES;
				ENABLE_TESTABILITY = YES;
				GCC_C_LANGUAGE_STANDARD = gnu11;
				GCC_DYNAMIC_NO_PIC = NO;
				GCC_NO_COMMON_BLOCKS = YES;
				GCC_OPTIMIZATION_LEVEL = 0;
				GCC_PREPROCESSOR_DEFINITIONS = (
					"DEBUG=1",
					"$(inherited)",
				);
				GCC_WARN_64_TO_32_BIT_CONVERSION = YES;
				GCC_WARN_ABOUT_RETURN_TYPE = YES_ERROR;
				GCC_WARN_UNDECLARED_SELECTOR = YES;
				GCC_WARN_UNINITIALIZED_AUTOS = YES_AGGRESSIVE;
				GCC_WARN_UNUSED_FUNCTION = YES;
				GCC_WARN_UNUSED_VARIABLE = YES;
				IPHONEOS_DEPLOYMENT_TARGET = 12.2;
				MTL_ENABLE_DEBUG_INFO = INCLUDE_SOURCE;
				MTL_FAST_MATH = YES;
				ONLY_ACTIVE_ARCH = YES;
				SDKROOT = iphoneos;
				SWIFT_ACTIVE_COMPILATION_CONDITIONS = DEBUG;
				SWIFT_OPTIMIZATION_LEVEL = "-Onone";
			};
			name = Debug;
		};
		8F2C714D2343A84F00A6CB48 /* Release */ = {
			isa = XCBuildConfiguration;
			buildSettings = {
				ALWAYS_SEARCH_USER_PATHS = NO;
				CLANG_ANALYZER_NONNULL = YES;
				CLANG_ANALYZER_NUMBER_OBJECT_CONVERSION = YES_AGGRESSIVE;
				CLANG_CXX_LANGUAGE_STANDARD = "gnu++14";
				CLANG_CXX_LIBRARY = "libc++";
				CLANG_ENABLE_MODULES = YES;
				CLANG_ENABLE_OBJC_ARC = YES;
				CLANG_ENABLE_OBJC_WEAK = YES;
				CLANG_WARN_BLOCK_CAPTURE_AUTORELEASING = YES;
				CLANG_WARN_BOOL_CONVERSION = YES;
				CLANG_WARN_COMMA = YES;
				CLANG_WARN_CONSTANT_CONVERSION = YES;
				CLANG_WARN_DEPRECATED_OBJC_IMPLEMENTATIONS = YES;
				CLANG_WARN_DIRECT_OBJC_ISA_USAGE = YES_ERROR;
				CLANG_WARN_DOCUMENTATION_COMMENTS = YES;
				CLANG_WARN_EMPTY_BODY = YES;
				CLANG_WARN_ENUM_CONVERSION = YES;
				CLANG_WARN_INFINITE_RECURSION = YES;
				CLANG_WARN_INT_CONVERSION = YES;
				CLANG_WARN_NON_LITERAL_NULL_CONVERSION = YES;
				CLANG_WARN_OBJC_IMPLICIT_RETAIN_SELF = YES;
				CLANG_WARN_OBJC_LITERAL_CONVERSION = YES;
				CLANG_WARN_OBJC_ROOT_CLASS = YES_ERROR;
				CLANG_WARN_RANGE_LOOP_ANALYSIS = YES;
				CLANG_WARN_STRICT_PROTOTYPES = YES;
				CLANG_WARN_SUSPICIOUS_MOVE = YES;
				CLANG_WARN_UNGUARDED_AVAILABILITY = YES_AGGRESSIVE;
				CLANG_WARN_UNREACHABLE_CODE = YES;
				CLANG_WARN__DUPLICATE_METHOD_MATCH = YES;
				CODE_SIGN_IDENTITY = "iPhone Developer";
				COPY_PHASE_STRIP = NO;
				DEBUG_INFORMATION_FORMAT = "dwarf-with-dsym";
				ENABLE_NS_ASSERTIONS = NO;
				ENABLE_STRICT_OBJC_MSGSEND = YES;
				GCC_C_LANGUAGE_STANDARD = gnu11;
				GCC_NO_COMMON_BLOCKS = YES;
				GCC_WARN_64_TO_32_BIT_CONVERSION = YES;
				GCC_WARN_ABOUT_RETURN_TYPE = YES_ERROR;
				GCC_WARN_UNDECLARED_SELECTOR = YES;
				GCC_WARN_UNINITIALIZED_AUTOS = YES_AGGRESSIVE;
				GCC_WARN_UNUSED_FUNCTION = YES;
				GCC_WARN_UNUSED_VARIABLE = YES;
				IPHONEOS_DEPLOYMENT_TARGET = 12.2;
				MTL_ENABLE_DEBUG_INFO = NO;
				MTL_FAST_MATH = YES;
				SDKROOT = iphoneos;
				SWIFT_COMPILATION_MODE = wholemodule;
				SWIFT_OPTIMIZATION_LEVEL = "-O";
				VALIDATE_PRODUCT = YES;
			};
			name = Release;
		};
		8F2C714F2343A84F00A6CB48 /* Debug */ = {
			isa = XCBuildConfiguration;
			buildSettings = {
				ASSETCATALOG_COMPILER_APPICON_NAME = AppIcon;
				CODE_SIGN_STYLE = Automatic;
				INFOPLIST_FILE = "stant-album/Info.plist";
				LD_RUNPATH_SEARCH_PATHS = (
					"$(inherited)",
					"@executable_path/Frameworks",
				);
				PRODUCT_BUNDLE_IDENTIFIER = "br.com.stant.stant-album";
				PRODUCT_NAME = "$(TARGET_NAME)";
				SWIFT_VERSION = 5.0;
				TARGETED_DEVICE_FAMILY = "1,2";
			};
			name = Debug;
		};
		8F2C71502343A84F00A6CB48 /* Release */ = {
			isa = XCBuildConfiguration;
			buildSettings = {
				ASSETCATALOG_COMPILER_APPICON_NAME = AppIcon;
				CODE_SIGN_STYLE = Automatic;
				INFOPLIST_FILE = "stant-album/Info.plist";
				LD_RUNPATH_SEARCH_PATHS = (
					"$(inherited)",
					"@executable_path/Frameworks",
				);
				PRODUCT_BUNDLE_IDENTIFIER = "br.com.stant.stant-album";
				PRODUCT_NAME = "$(TARGET_NAME)";
				SWIFT_VERSION = 5.0;
				TARGETED_DEVICE_FAMILY = "1,2";
			};
			name = Release;
		};
/* End XCBuildConfiguration section */

/* Begin XCConfigurationList section */
		8F2C71372343A84E00A6CB48 /* Build configuration list for PBXProject "stant-album" */ = {
			isa = XCConfigurationList;
			buildConfigurations = (
				8F2C714C2343A84F00A6CB48 /* Debug */,
				8F2C714D2343A84F00A6CB48 /* Release */,
			);
			defaultConfigurationIsVisible = 0;
			defaultConfigurationName = Release;
		};
		8F2C714E2343A84F00A6CB48 /* Build configuration list for PBXNativeTarget "stant-album" */ = {
			isa = XCConfigurationList;
			buildConfigurations = (
				8F2C714F2343A84F00A6CB48 /* Debug */,
				8F2C71502343A84F00A6CB48 /* Release */,
			);
			defaultConfigurationIsVisible = 0;
			defaultConfigurationName = Release;
		};
/* End XCConfigurationList section */
	};
	rootObject = 8F2C71342343A84E00A6CB48 /* Project object */;
}
